
Microsoft Visual Studio Solution File, Format Version 12.00
# Visual Studio Version 17
VisualStudioVersion = 17.4.33205.214
MinimumVisualStudioVersion = 10.0.40219.1
Project("{9A19103F-16F7-4668-BE54-9A1E7A4F7556}") = "CC13Test", "DataStructures\CC13\CC13Test\CC13Test.csproj", "{8A40A020-FD37-4F71-99DF-548BF9E1459B}"
EndProject
Global
	GlobalSection(SolutionConfigurationPlatforms) = preSolution
		Debug|Any CPU = Debug|Any CPU
		Release|Any CPU = Release|Any CPU
	EndGlobalSection
	GlobalSection(ProjectConfigurationPlatforms) = postSolution
		{8A40A020-FD37-4F71-99DF-548BF9E1459B}.Debug|Any CPU.ActiveCfg = Debug|Any CPU
		{8A40A020-FD37-4F71-99DF-548BF9E1459B}.Debug|Any CPU.Build.0 = Debug|Any CPU
		{8A40A020-FD37-4F71-99DF-548BF9E1459B}.Release|Any CPU.ActiveCfg = Release|Any CPU
		{8A40A020-FD37-4F71-99DF-548BF9E1459B}.Release|Any CPU.Build.0 = Release|Any CPU
	EndGlobalSection
	GlobalSection(SolutionProperties) = preSolution
		HideSolutionNode = FALSE
	EndGlobalSection
	GlobalSection(ExtensibilityGlobals) = postSolution
		SolutionGuid = {18CD42AE-FF2F-48DC-B6B9-38D8034CA8B6}
	EndGlobalSection
EndGlobal
