
Microsoft Visual Studio Solution File, Format Version 12.00
# Visual Studio Version 17
VisualStudioVersion = 17.4.33205.214
MinimumVisualStudioVersion = 10.0.40219.1
Project("{FAE04EC0-301F-11D3-BF4B-00C04F79EFBC}") = "Trees", "Trees.csproj", "{F7CF403A-F354-433D-A453-40B67D54CD0D}"
EndProject
Project("{FAE04EC0-301F-11D3-BF4B-00C04F79EFBC}") = "TreeTests", "..\TreeTests\TreeTests.csproj", "{016E3D9A-9631-4F67-8C44-0904EA2890D6}"
EndProject
Global
	GlobalSection(SolutionConfigurationPlatforms) = preSolution
		Debug|Any CPU = Debug|Any CPU
		Release|Any CPU = Release|Any CPU
	EndGlobalSection
	GlobalSection(ProjectConfigurationPlatforms) = postSolution
		{F7CF403A-F354-433D-A453-40B67D54CD0D}.Debug|Any CPU.ActiveCfg = Debug|Any CPU
		{F7CF403A-F354-433D-A453-40B67D54CD0D}.Debug|Any CPU.Build.0 = Debug|Any CPU
		{F7CF403A-F354-433D-A453-40B67D54CD0D}.Release|Any CPU.ActiveCfg = Release|Any CPU
		{F7CF403A-F354-433D-A453-40B67D54CD0D}.Release|Any CPU.Build.0 = Release|Any CPU
		{016E3D9A-9631-4F67-8C44-0904EA2890D6}.Debug|Any CPU.ActiveCfg = Debug|Any CPU
		{016E3D9A-9631-4F67-8C44-0904EA2890D6}.Debug|Any CPU.Build.0 = Debug|Any CPU
		{016E3D9A-9631-4F67-8C44-0904EA2890D6}.Release|Any CPU.ActiveCfg = Release|Any CPU
		{016E3D9A-9631-4F67-8C44-0904EA2890D6}.Release|Any CPU.Build.0 = Release|Any CPU
	EndGlobalSection
	GlobalSection(SolutionProperties) = preSolution
		HideSolutionNode = FALSE
	EndGlobalSection
	GlobalSection(ExtensibilityGlobals) = postSolution
		SolutionGuid = {40457CC4-A777-47C5-821F-C9013CE1E44A}
	EndGlobalSection
EndGlobal
